
Microsoft Visual Studio Solution File, Format Version 12.00
# Visual Studio Version 17
VisualStudioVersion = 17.11.35327.3
MinimumVisualStudioVersion = 10.0.40219.1
Project("{9A19103F-16F7-4668-BE54-9A1E7A4F7556}") = "mRupi", "mRupi\mRupi.csproj", "{EA9C5397-1FD9-47A9-8749-79D8D471D726}"
EndProject
Global
	GlobalSection(SolutionConfigurationPlatforms) = preSolution
		Debug|Any CPU = Debug|Any CPU
		Release|Any CPU = Release|Any CPU
	EndGlobalSection
	GlobalSection(ProjectConfigurationPlatforms) = postSolution
		{EA9C5397-1FD9-47A9-8749-79D8D471D726}.Debug|Any CPU.ActiveCfg = Debug|Any CPU
		{EA9C5397-1FD9-47A9-8749-79D8D471D726}.Debug|Any CPU.Build.0 = Debug|Any CPU
		{EA9C5397-1FD9-47A9-8749-79D8D471D726}.Release|Any CPU.ActiveCfg = Release|Any CPU
		{EA9C5397-1FD9-47A9-8749-79D8D471D726}.Release|Any CPU.Build.0 = Release|Any CPU
	EndGlobalSection
	GlobalSection(SolutionProperties) = preSolution
		HideSolutionNode = FALSE
	EndGlobalSection
	GlobalSection(ExtensibilityGlobals) = postSolution
		SolutionGuid = {58D683C3-5050-43B8-BFFA-11BC3860CA9F}
	EndGlobalSection
EndGlobal
